
Microsoft Visual Studio Solution File, Format Version 12.00
# Visual Studio Version 17
VisualStudioVersion = 17.14.36811.4 d17.14
MinimumVisualStudioVersion = 10.0.40219.1
Project("{FAE04EC0-301F-11D3-BF4B-00C04F79EFBC}") = "Dependency Injection", "Dependency Injection.csproj", "{F37D079C-D16E-4253-965B-7B7B23A7298D}"
EndProject
Global
	GlobalSection(SolutionConfigurationPlatforms) = preSolution
		Debug|Any CPU = Debug|Any CPU
		Release|Any CPU = Release|Any CPU
	EndGlobalSection
	GlobalSection(ProjectConfigurationPlatforms) = postSolution
		{F37D079C-D16E-4253-965B-7B7B23A7298D}.Debug|Any CPU.ActiveCfg = Debug|Any CPU
		{F37D079C-D16E-4253-965B-7B7B23A7298D}.Debug|Any CPU.Build.0 = Debug|Any CPU
		{F37D079C-D16E-4253-965B-7B7B23A7298D}.Release|Any CPU.ActiveCfg = Release|Any CPU
		{F37D079C-D16E-4253-965B-7B7B23A7298D}.Release|Any CPU.Build.0 = Release|Any CPU
	EndGlobalSection
	GlobalSection(SolutionProperties) = preSolution
		HideSolutionNode = FALSE
	EndGlobalSection
	GlobalSection(ExtensibilityGlobals) = postSolution
		SolutionGuid = {B7906F88-8A8E-430C-BCAC-497ED5FB8029}
	EndGlobalSection
EndGlobal
